
Microsoft Visual Studio Solution File, Format Version 12.00
# Visual Studio Version 16
VisualStudioVersion = 16.0.30204.135
MinimumVisualStudioVersion = 10.0.40219.1
Project("{FAE04EC0-301F-11D3-BF4B-00C04F79EFBC}") = "LearnPrism", "LearnPrism\LearnPrism.csproj", "{0205C43D-1B61-46EE-8AF9-ED64002C6741}"
EndProject
Project("{FAE04EC0-301F-11D3-BF4B-00C04F79EFBC}") = "LearnPrism.Android", "LearnPrism.Android\LearnPrism.Android.csproj", "{CE6BFE67-E36F-4038-AB78-E9B3780BB389}"
EndProject
Project("{FAE04EC0-301F-11D3-BF4B-00C04F79EFBC}") = "LearnPrism.iOS", "LearnPrism.iOS\LearnPrism.iOS.csproj", "{8B7D8D46-5323-44B2-830D-3254D841268F}"
EndProject
Project("{FAE04EC0-301F-11D3-BF4B-00C04F79EFBC}") = "LearnPrism.UWP", "LearnPrism.UWP\LearnPrism.UWP.csproj", "{36CA0C0D-84CA-430C-9FA1-1F6934EA7613}"
EndProject
Project("{FAE04EC0-301F-11D3-BF4B-00C04F79EFBC}") = "UnitTestProject", "UnitTestProject\UnitTestProject.csproj", "{75914C21-8D1E-4B4D-9BAC-AA3D14D7BFEF}"
EndProject
Global
	GlobalSection(SolutionConfigurationPlatforms) = preSolution
		Ad-Hoc|Any CPU = Ad-Hoc|Any CPU
		Ad-Hoc|ARM = Ad-Hoc|ARM
		Ad-Hoc|iPhone = Ad-Hoc|iPhone
		Ad-Hoc|iPhoneSimulator = Ad-Hoc|iPhoneSimulator
		Ad-Hoc|x64 = Ad-Hoc|x64
		Ad-Hoc|x86 = Ad-Hoc|x86
		AppStore|Any CPU = AppStore|Any CPU
		AppStore|ARM = AppStore|ARM
		AppStore|iPhone = AppStore|iPhone
		AppStore|iPhoneSimulator = AppStore|iPhoneSimulator
		AppStore|x64 = AppStore|x64
		AppStore|x86 = AppStore|x86
		Debug|Any CPU = Debug|Any CPU
		Debug|ARM = Debug|ARM
		Debug|iPhone = Debug|iPhone
		Debug|iPhoneSimulator = Debug|iPhoneSimulator
		Debug|x64 = Debug|x64
		Debug|x86 = Debug|x86
		Release|Any CPU = Release|Any CPU
		Release|ARM = Release|ARM
		Release|iPhone = Release|iPhone
		Release|iPhoneSimulator = Release|iPhoneSimulator
		Release|x64 = Release|x64
		Release|x86 = Release|x86
	EndGlobalSection
	GlobalSection(ProjectConfigurationPlatforms) = postSolution
		{0205C43D-1B61-46EE-8AF9-ED64002C6741}.Ad-Hoc|Any CPU.ActiveCfg = Debug|Any CPU
		{0205C43D-1B61-46EE-8AF9-ED64002C6741}.Ad-Hoc|Any CPU.Build.0 = Debug|Any CPU
		{0205C43D-1B61-46EE-8AF9-ED64002C6741}.Ad-Hoc|ARM.ActiveCfg = Debug|Any CPU
		{0205C43D-1B61-46EE-8AF9-ED64002C6741}.Ad-Hoc|ARM.Build.0 = Debug|Any CPU
		{0205C43D-1B61-46EE-8AF9-ED64002C6741}.Ad-Hoc|iPhone.ActiveCfg = Debug|Any CPU
		{0205C43D-1B61-46EE-8AF9-ED64002C6741}.Ad-Hoc|iPhone.Build.0 = Debug|Any CPU
		{0205C43D-1B61-46EE-8AF9-ED64002C6741}.Ad-Hoc|iPhoneSimulator.ActiveCfg = Debug|Any CPU
		{0205C43D-1B61-46EE-8AF9-ED64002C6741}.Ad-Hoc|iPhoneSimulator.Build.0 = Debug|Any CPU
		{0205C43D-1B61-46EE-8AF9-ED64002C6741}.Ad-Hoc|x64.ActiveCfg = Debug|Any CPU
		{0205C43D-1B61-46EE-8AF9-ED64002C6741}.Ad-Hoc|x64.Build.0 = Debug|Any CPU
		{0205C43D-1B61-46EE-8AF9-ED64002C6741}.Ad-Hoc|x86.ActiveCfg = Debug|Any CPU
		{0205C43D-1B61-46EE-8AF9-ED64002C6741}.Ad-Hoc|x86.Build.0 = Debug|Any CPU
		{0205C43D-1B61-46EE-8AF9-ED64002C6741}.AppStore|Any CPU.ActiveCfg = Debug|Any CPU
		{0205C43D-1B61-46EE-8AF9-ED64002C6741}.AppStore|Any CPU.Build.0 = Debug|Any CPU
		{0205C43D-1B61-46EE-8AF9-ED64002C6741}.AppStore|ARM.ActiveCfg = Debug|Any CPU
		{0205C43D-1B61-46EE-8AF9-ED64002C6741}.AppStore|ARM.Build.0 = Debug|Any CPU
		{0205C43D-1B61-46EE-8AF9-ED64002C6741}.AppStore|iPhone.ActiveCfg = Debug|Any CPU
		{0205C43D-1B61-46EE-8AF9-ED64002C6741}.AppStore|iPhone.Build.0 = Debug|Any CPU
		{0205C43D-1B61-46EE-8AF9-ED64002C6741}.AppStore|iPhoneSimulator.ActiveCfg = Debug|Any CPU
		{0205C43D-1B61-46EE-8AF9-ED64002C6741}.AppStore|iPhoneSimulator.Build.0 = Debug|Any CPU
		{0205C43D-1B61-46EE-8AF9-ED64002C6741}.AppStore|x64.ActiveCfg = Debug|Any CPU
		{0205C43D-1B61-46EE-8AF9-ED64002C6741}.AppStore|x64.Build.0 = Debug|Any CPU
		{0205C43D-1B61-46EE-8AF9-ED64002C6741}.AppStore|x86.ActiveCfg = Debug|Any CPU
		{0205C43D-1B61-46EE-8AF9-ED64002C6741}.AppStore|x86.Build.0 = Debug|Any CPU
		{0205C43D-1B61-46EE-8AF9-ED64002C6741}.Debug|Any CPU.ActiveCfg = Debug|Any CPU
		{0205C43D-1B61-46EE-8AF9-ED64002C6741}.Debug|Any CPU.Build.0 = Debug|Any CPU
		{0205C43D-1B61-46EE-8AF9-ED64002C6741}.Debug|ARM.ActiveCfg = Debug|Any CPU
		{0205C43D-1B61-46EE-8AF9-ED64002C6741}.Debug|ARM.Build.0 = Debug|Any CPU
		{0205C43D-1B61-46EE-8AF9-ED64002C6741}.Debug|iPhone.ActiveCfg = Debug|Any CPU
		{0205C43D-1B61-46EE-8AF9-ED64002C6741}.Debug|iPhone.Build.0 = Debug|Any CPU
		{0205C43D-1B61-46EE-8AF9-ED64002C6741}.Debug|iPhoneSimulator.ActiveCfg = Debug|Any CPU
		{0205C43D-1B61-46EE-8AF9-ED64002C6741}.Debug|iPhoneSimulator.Build.0 = Debug|Any CPU
		{0205C43D-1B61-46EE-8AF9-ED64002C6741}.Debug|x64.ActiveCfg = Debug|Any CPU
		{0205C43D-1B61-46EE-8AF9-ED64002C6741}.Debug|x64.Build.0 = Debug|Any CPU
		{0205C43D-1B61-46EE-8AF9-ED64002C6741}.Debug|x86.ActiveCfg = Debug|Any CPU
		{0205C43D-1B61-46EE-8AF9-ED64002C6741}.Debug|x86.Build.0 = Debug|Any CPU
		{0205C43D-1B61-46EE-8AF9-ED64002C6741}.Release|Any CPU.ActiveCfg = Release|Any CPU
		{0205C43D-1B61-46EE-8AF9-ED64002C6741}.Release|Any CPU.Build.0 = Release|Any CPU
		{0205C43D-1B61-46EE-8AF9-ED64002C6741}.Release|ARM.ActiveCfg = Release|Any CPU
		{0205C43D-1B61-46EE-8AF9-ED64002C6741}.Release|ARM.Build.0 = Release|Any CPU
		{0205C43D-1B61-46EE-8AF9-ED64002C6741}.Release|iPhone.ActiveCfg = Release|Any CPU
		{0205C43D-1B61-46EE-8AF9-ED64002C6741}.Release|iPhone.Build.0 = Release|Any CPU
		{0205C43D-1B61-46EE-8AF9-ED64002C6741}.Release|iPhoneSimulator.ActiveCfg = Release|Any CPU
		{0205C43D-1B61-46EE-8AF9-ED64002C6741}.Release|iPhoneSimulator.Build.0 = Release|Any CPU
		{0205C43D-1B61-46EE-8AF9-ED64002C6741}.Release|x64.ActiveCfg = Release|Any CPU
		{0205C43D-1B61-46EE-8AF9-ED64002C6741}.Release|x64.Build.0 = Release|Any CPU
		{0205C43D-1B61-46EE-8AF9-ED64002C6741}.Release|x86.ActiveCfg = Release|Any CPU
		{0205C43D-1B61-46EE-8AF9-ED64002C6741}.Release|x86.Build.0 = Release|Any CPU
		{CE6BFE67-E36F-4038-AB78-E9B3780BB389}.Ad-Hoc|Any CPU.ActiveCfg = Release|Any CPU
		{CE6BFE67-E36F-4038-AB78-E9B3780BB389}.Ad-Hoc|Any CPU.Build.0 = Release|Any CPU
		{CE6BFE67-E36F-4038-AB78-E9B3780BB389}.Ad-Hoc|Any CPU.Deploy.0 = Release|Any CPU
		{CE6BFE67-E36F-4038-AB78-E9B3780BB389}.Ad-Hoc|ARM.ActiveCfg = Release|Any CPU
		{CE6BFE67-E36F-4038-AB78-E9B3780BB389}.Ad-Hoc|ARM.Build.0 = Release|Any CPU
		{CE6BFE67-E36F-4038-AB78-E9B3780BB389}.Ad-Hoc|ARM.Deploy.0 = Release|Any CPU
		{CE6BFE67-E36F-4038-AB78-E9B3780BB389}.Ad-Hoc|iPhone.ActiveCfg = Release|Any CPU
		{CE6BFE67-E36F-4038-AB78-E9B3780BB389}.Ad-Hoc|iPhone.Build.0 = Release|Any CPU
		{CE6BFE67-E36F-4038-AB78-E9B3780BB389}.Ad-Hoc|iPhone.Deploy.0 = Release|Any CPU
		{CE6BFE67-E36F-4038-AB78-E9B3780BB389}.Ad-Hoc|iPhoneSimulator.ActiveCfg = Release|Any CPU
		{CE6BFE67-E36F-4038-AB78-E9B3780BB389}.Ad-Hoc|iPhoneSimulator.Build.0 = Release|Any CPU
		{CE6BFE67-E36F-4038-AB78-E9B3780BB389}.Ad-Hoc|iPhoneSimulator.Deploy.0 = Release|Any CPU
		{CE6BFE67-E36F-4038-AB78-E9B3780BB389}.Ad-Hoc|x64.ActiveCfg = Release|Any CPU
		{CE6BFE67-E36F-4038-AB78-E9B3780BB389}.Ad-Hoc|x64.Build.0 = Release|Any CPU
		{CE6BFE67-E36F-4038-AB78-E9B3780BB389}.Ad-Hoc|x64.Deploy.0 = Release|Any CPU
		{CE6BFE67-E36F-4038-AB78-E9B3780BB389}.Ad-Hoc|x86.ActiveCfg = Release|Any CPU
		{CE6BFE67-E36F-4038-AB78-E9B3780BB389}.Ad-Hoc|x86.Build.0 = Release|Any CPU
		{CE6BFE67-E36F-4038-AB78-E9B3780BB389}.Ad-Hoc|x86.Deploy.0 = Release|Any CPU
		{CE6BFE67-E36F-4038-AB78-E9B3780BB389}.AppStore|Any CPU.ActiveCfg = Release|Any CPU
		{CE6BFE67-E36F-4038-AB78-E9B3780BB389}.AppStore|Any CPU.Build.0 = Release|Any CPU
		{CE6BFE67-E36F-4038-AB78-E9B3780BB389}.AppStore|Any CPU.Deploy.0 = Release|Any CPU
		{CE6BFE67-E36F-4038-AB78-E9B3780BB389}.AppStore|ARM.ActiveCfg = Release|Any CPU
		{CE6BFE67-E36F-4038-AB78-E9B3780BB389}.AppStore|ARM.Build.0 = Release|Any CPU
		{CE6BFE67-E36F-4038-AB78-E9B3780BB389}.AppStore|ARM.Deploy.0 = Release|Any CPU
		{CE6BFE67-E36F-4038-AB78-E9B3780BB389}.AppStore|iPhone.ActiveCfg = Release|Any CPU
		{CE6BFE67-E36F-4038-AB78-E9B3780BB389}.AppStore|iPhone.Build.0 = Release|Any CPU
		{CE6BFE67-E36F-4038-AB78-E9B3780BB389}.AppStore|iPhone.Deploy.0 = Release|Any CPU
		{CE6BFE67-E36F-4038-AB78-E9B3780BB389}.AppStore|iPhoneSimulator.ActiveCfg = Release|Any CPU
		{CE6BFE67-E36F-4038-AB78-E9B3780BB389}.AppStore|iPhoneSimulator.Build.0 = Release|Any CPU
		{CE6BFE67-E36F-4038-AB78-E9B3780BB389}.AppStore|iPhoneSimulator.Deploy.0 = Release|Any CPU
		{CE6BFE67-E36F-4038-AB78-E9B3780BB389}.AppStore|x64.ActiveCfg = Release|Any CPU
		{CE6BFE67-E36F-4038-AB78-E9B3780BB389}.AppStore|x64.Build.0 = Release|Any CPU
		{CE6BFE67-E36F-4038-AB78-E9B3780BB389}.AppStore|x64.Deploy.0 = Release|Any CPU
		{CE6BFE67-E36F-4038-AB78-E9B3780BB389}.AppStore|x86.ActiveCfg = Release|Any CPU
		{CE6BFE67-E36F-4038-AB78-E9B3780BB389}.AppStore|x86.Build.0 = Release|Any CPU
		{CE6BFE67-E36F-4038-AB78-E9B3780BB389}.AppStore|x86.Deploy.0 = Release|Any CPU
		{CE6BFE67-E36F-4038-AB78-E9B3780BB389}.Debug|Any CPU.ActiveCfg = Debug|Any CPU
		{CE6BFE67-E36F-4038-AB78-E9B3780BB389}.Debug|Any CPU.Build.0 = Debug|Any CPU
		{CE6BFE67-E36F-4038-AB78-E9B3780BB389}.Debug|Any CPU.Deploy.0 = Debug|Any CPU
		{CE6BFE67-E36F-4038-AB78-E9B3780BB389}.Debug|ARM.ActiveCfg = Debug|Any CPU
		{CE6BFE67-E36F-4038-AB78-E9B3780BB389}.Debug|ARM.Build.0 = Debug|Any CPU
		{CE6BFE67-E36F-4038-AB78-E9B3780BB389}.Debug|ARM.Deploy.0 = Debug|Any CPU
		{CE6BFE67-E36F-4038-AB78-E9B3780BB389}.Debug|iPhone.ActiveCfg = Debug|Any CPU
		{CE6BFE67-E36F-4038-AB78-E9B3780BB389}.Debug|iPhone.Build.0 = Debug|Any CPU
		{CE6BFE67-E36F-4038-AB78-E9B3780BB389}.Debug|iPhone.Deploy.0 = Debug|Any CPU
		{CE6BFE67-E36F-4038-AB78-E9B3780BB389}.Debug|iPhoneSimulator.ActiveCfg = Debug|Any CPU
		{CE6BFE67-E36F-4038-AB78-E9B3780BB389}.Debug|iPhoneSimulator.Build.0 = Debug|Any CPU
		{CE6BFE67-E36F-4038-AB78-E9B3780BB389}.Debug|iPhoneSimulator.Deploy.0 = Debug|Any CPU
		{CE6BFE67-E36F-4038-AB78-E9B3780BB389}.Debug|x64.ActiveCfg = Debug|Any CPU
		{CE6BFE67-E36F-4038-AB78-E9B3780BB389}.Debug|x64.Build.0 = Debug|Any CPU
		{CE6BFE67-E36F-4038-AB78-E9B3780BB389}.Debug|x64.Deploy.0 = Debug|Any CPU
		{CE6BFE67-E36F-4038-AB78-E9B3780BB389}.Debug|x86.ActiveCfg = Debug|Any CPU
		{CE6BFE67-E36F-4038-AB78-E9B3780BB389}.Debug|x86.Build.0 = Debug|Any CPU
		{CE6BFE67-E36F-4038-AB78-E9B3780BB389}.Debug|x86.Deploy.0 = Debug|Any CPU
		{CE6BFE67-E36F-4038-AB78-E9B3780BB389}.Release|Any CPU.ActiveCfg = Release|Any CPU
		{CE6BFE67-E36F-4038-AB78-E9B3780BB389}.Release|Any CPU.Build.0 = Release|Any CPU
		{CE6BFE67-E36F-4038-AB78-E9B3780BB389}.Release|Any CPU.Deploy.0 = Release|Any CPU
		{CE6BFE67-E36F-4038-AB78-E9B3780BB389}.Release|ARM.ActiveCfg = Release|Any CPU
		{CE6BFE67-E36F-4038-AB78-E9B3780BB389}.Release|ARM.Build.0 = Release|Any CPU
		{CE6BFE67-E36F-4038-AB78-E9B3780BB389}.Release|ARM.Deploy.0 = Release|Any CPU
		{CE6BFE67-E36F-4038-AB78-E9B3780BB389}.Release|iPhone.ActiveCfg = Release|Any CPU
		{CE6BFE67-E36F-4038-AB78-E9B3780BB389}.Release|iPhone.Build.0 = Release|Any CPU
		{CE6BFE67-E36F-4038-AB78-E9B3780BB389}.Release|iPhone.Deploy.0 = Release|Any CPU
		{CE6BFE67-E36F-4038-AB78-E9B3780BB389}.Release|iPhoneSimulator.ActiveCfg = Release|Any CPU
		{CE6BFE67-E36F-4038-AB78-E9B3780BB389}.Release|iPhoneSimulator.Build.0 = Release|Any CPU
		{CE6BFE67-E36F-4038-AB78-E9B3780BB389}.Release|iPhoneSimulator.Deploy.0 = Release|Any CPU
		{CE6BFE67-E36F-4038-AB78-E9B3780BB389}.Release|x64.ActiveCfg = Release|Any CPU
		{CE6BFE67-E36F-4038-AB78-E9B3780BB389}.Release|x64.Build.0 = Release|Any CPU
		{CE6BFE67-E36F-4038-AB78-E9B3780BB389}.Release|x64.Deploy.0 = Release|Any CPU
		{CE6BFE67-E36F-4038-AB78-E9B3780BB389}.Release|x86.ActiveCfg = Release|Any CPU
		{CE6BFE67-E36F-4038-AB78-E9B3780BB389}.Release|x86.Build.0 = Release|Any CPU
		{CE6BFE67-E36F-4038-AB78-E9B3780BB389}.Release|x86.Deploy.0 = Release|Any CPU
		{8B7D8D46-5323-44B2-830D-3254D841268F}.Ad-Hoc|Any CPU.ActiveCfg = Ad-Hoc|iPhone
		{8B7D8D46-5323-44B2-830D-3254D841268F}.Ad-Hoc|ARM.ActiveCfg = Ad-Hoc|iPhone
		{8B7D8D46-5323-44B2-830D-3254D841268F}.Ad-Hoc|iPhone.ActiveCfg = Ad-Hoc|iPhone
		{8B7D8D46-5323-44B2-830D-3254D841268F}.Ad-Hoc|iPhone.Build.0 = Ad-Hoc|iPhone
		{8B7D8D46-5323-44B2-830D-3254D841268F}.Ad-Hoc|iPhoneSimulator.ActiveCfg = Ad-Hoc|iPhoneSimulator
		{8B7D8D46-5323-44B2-830D-3254D841268F}.Ad-Hoc|iPhoneSimulator.Build.0 = Ad-Hoc|iPhoneSimulator
		{8B7D8D46-5323-44B2-830D-3254D841268F}.Ad-Hoc|x64.ActiveCfg = Ad-Hoc|iPhone
		{8B7D8D46-5323-44B2-830D-3254D841268F}.Ad-Hoc|x86.ActiveCfg = Ad-Hoc|iPhone
		{8B7D8D46-5323-44B2-830D-3254D841268F}.AppStore|Any CPU.ActiveCfg = AppStore|iPhone
		{8B7D8D46-5323-44B2-830D-3254D841268F}.AppStore|ARM.ActiveCfg = AppStore|iPhone
		{8B7D8D46-5323-44B2-830D-3254D841268F}.AppStore|iPhone.ActiveCfg = AppStore|iPhone
		{8B7D8D46-5323-44B2-830D-3254D841268F}.AppStore|iPhone.Build.0 = AppStore|iPhone
		{8B7D8D46-5323-44B2-830D-3254D841268F}.AppStore|iPhoneSimulator.ActiveCfg = AppStore|iPhoneSimulator
		{8B7D8D46-5323-44B2-830D-3254D841268F}.AppStore|iPhoneSimulator.Build.0 = AppStore|iPhoneSimulator
		{8B7D8D46-5323-44B2-830D-3254D841268F}.AppStore|x64.ActiveCfg = AppStore|iPhone
		{8B7D8D46-5323-44B2-830D-3254D841268F}.AppStore|x86.ActiveCfg = AppStore|iPhone
		{8B7D8D46-5323-44B2-830D-3254D841268F}.Debug|Any CPU.ActiveCfg = Debug|iPhone
		{8B7D8D46-5323-44B2-830D-3254D841268F}.Debug|ARM.ActiveCfg = Debug|iPhone
		{8B7D8D46-5323-44B2-830D-3254D841268F}.Debug|iPhone.ActiveCfg = Debug|iPhone
		{8B7D8D46-5323-44B2-830D-3254D841268F}.Debug|iPhone.Build.0 = Debug|iPhone
		{8B7D8D46-5323-44B2-830D-3254D841268F}.Debug|iPhoneSimulator.ActiveCfg = Debug|iPhoneSimulator
		{8B7D8D46-5323-44B2-830D-3254D841268F}.Debug|iPhoneSimulator.Build.0 = Debug|iPhoneSimulator
		{8B7D8D46-5323-44B2-830D-3254D841268F}.Debug|x64.ActiveCfg = Debug|iPhone
		{8B7D8D46-5323-44B2-830D-3254D841268F}.Debug|x86.ActiveCfg = Debug|iPhone
		{8B7D8D46-5323-44B2-830D-3254D841268F}.Release|Any CPU.ActiveCfg = Release|iPhone
		{8B7D8D46-5323-44B2-830D-3254D841268F}.Release|ARM.ActiveCfg = Release|iPhone
		{8B7D8D46-5323-44B2-830D-3254D841268F}.Release|iPhone.ActiveCfg = Release|iPhone
		{8B7D8D46-5323-44B2-830D-3254D841268F}.Release|iPhone.Build.0 = Release|iPhone
		{8B7D8D46-5323-44B2-830D-3254D841268F}.Release|iPhoneSimulator.ActiveCfg = Release|iPhoneSimulator
		{8B7D8D46-5323-44B2-830D-3254D841268F}.Release|iPhoneSimulator.Build.0 = Release|iPhoneSimulator
		{8B7D8D46-5323-44B2-830D-3254D841268F}.Release|x64.ActiveCfg = Release|iPhone
		{8B7D8D46-5323-44B2-830D-3254D841268F}.Release|x86.ActiveCfg = Release|iPhone
		{36CA0C0D-84CA-430C-9FA1-1F6934EA7613}.Ad-Hoc|Any CPU.ActiveCfg = Release|x86
		{36CA0C0D-84CA-430C-9FA1-1F6934EA7613}.Ad-Hoc|Any CPU.Build.0 = Release|x86
		{36CA0C0D-84CA-430C-9FA1-1F6934EA7613}.Ad-Hoc|Any CPU.Deploy.0 = Release|x86
		{36CA0C0D-84CA-430C-9FA1-1F6934EA7613}.Ad-Hoc|ARM.ActiveCfg = Release|ARM
		{36CA0C0D-84CA-430C-9FA1-1F6934EA7613}.Ad-Hoc|ARM.Build.0 = Release|ARM
		{36CA0C0D-84CA-430C-9FA1-1F6934EA7613}.Ad-Hoc|ARM.Deploy.0 = Release|ARM
		{36CA0C0D-84CA-430C-9FA1-1F6934EA7613}.Ad-Hoc|iPhone.ActiveCfg = Release|x86
		{36CA0C0D-84CA-430C-9FA1-1F6934EA7613}.Ad-Hoc|iPhone.Build.0 = Release|x86
		{36CA0C0D-84CA-430C-9FA1-1F6934EA7613}.Ad-Hoc|iPhone.Deploy.0 = Release|x86
		{36CA0C0D-84CA-430C-9FA1-1F6934EA7613}.Ad-Hoc|iPhoneSimulator.ActiveCfg = Release|x86
		{36CA0C0D-84CA-430C-9FA1-1F6934EA7613}.Ad-Hoc|iPhoneSimulator.Build.0 = Release|x86
		{36CA0C0D-84CA-430C-9FA1-1F6934EA7613}.Ad-Hoc|iPhoneSimulator.Deploy.0 = Release|x86
		{36CA0C0D-84CA-430C-9FA1-1F6934EA7613}.Ad-Hoc|x64.ActiveCfg = Release|x64
		{36CA0C0D-84CA-430C-9FA1-1F6934EA7613}.Ad-Hoc|x64.Build.0 = Release|x64
		{36CA0C0D-84CA-430C-9FA1-1F6934EA7613}.Ad-Hoc|x64.Deploy.0 = Release|x64
		{36CA0C0D-84CA-430C-9FA1-1F6934EA7613}.Ad-Hoc|x86.ActiveCfg = Release|x86
		{36CA0C0D-84CA-430C-9FA1-1F6934EA7613}.Ad-Hoc|x86.Build.0 = Release|x86
		{36CA0C0D-84CA-430C-9FA1-1F6934EA7613}.Ad-Hoc|x86.Deploy.0 = Release|x86
		{36CA0C0D-84CA-430C-9FA1-1F6934EA7613}.AppStore|Any CPU.ActiveCfg = Release|x86
		{36CA0C0D-84CA-430C-9FA1-1F6934EA7613}.AppStore|Any CPU.Build.0 = Release|x86
		{36CA0C0D-84CA-430C-9FA1-1F6934EA7613}.AppStore|Any CPU.Deploy.0 = Release|x86
		{36CA0C0D-84CA-430C-9FA1-1F6934EA7613}.AppStore|ARM.ActiveCfg = Release|ARM
		{36CA0C0D-84CA-430C-9FA1-1F6934EA7613}.AppStore|ARM.Build.0 = Release|ARM
		{36CA0C0D-84CA-430C-9FA1-1F6934EA7613}.AppStore|ARM.Deploy.0 = Release|ARM
		{36CA0C0D-84CA-430C-9FA1-1F6934EA7613}.AppStore|iPhone.ActiveCfg = Release|x86
		{36CA0C0D-84CA-430C-9FA1-1F6934EA7613}.AppStore|iPhone.Build.0 = Release|x86
		{36CA0C0D-84CA-430C-9FA1-1F6934EA7613}.AppStore|iPhone.Deploy.0 = Release|x86
		{36CA0C0D-84CA-430C-9FA1-1F6934EA7613}.AppStore|iPhoneSimulator.ActiveCfg = Release|x86
		{36CA0C0D-84CA-430C-9FA1-1F6934EA7613}.AppStore|iPhoneSimulator.Build.0 = Release|x86
		{36CA0C0D-84CA-430C-9FA1-1F6934EA7613}.AppStore|iPhoneSimulator.Deploy.0 = Release|x86
		{36CA0C0D-84CA-430C-9FA1-1F6934EA7613}.AppStore|x64.ActiveCfg = Release|x64
		{36CA0C0D-84CA-430C-9FA1-1F6934EA7613}.AppStore|x64.Build.0 = Release|x64
		{36CA0C0D-84CA-430C-9FA1-1F6934EA7613}.AppStore|x64.Deploy.0 = Release|x64
		{36CA0C0D-84CA-430C-9FA1-1F6934EA7613}.AppStore|x86.ActiveCfg = Release|x86
		{36CA0C0D-84CA-430C-9FA1-1F6934EA7613}.AppStore|x86.Build.0 = Release|x86
		{36CA0C0D-84CA-430C-9FA1-1F6934EA7613}.AppStore|x86.Deploy.0 = Release|x86
		{36CA0C0D-84CA-430C-9FA1-1F6934EA7613}.Debug|Any CPU.ActiveCfg = Debug|x86
		{36CA0C0D-84CA-430C-9FA1-1F6934EA7613}.Debug|ARM.ActiveCfg = Debug|ARM
		{36CA0C0D-84CA-430C-9FA1-1F6934EA7613}.Debug|ARM.Build.0 = Debug|ARM
		{36CA0C0D-84CA-430C-9FA1-1F6934EA7613}.Debug|ARM.Deploy.0 = Debug|ARM
		{36CA0C0D-84CA-430C-9FA1-1F6934EA7613}.Debug|iPhone.ActiveCfg = Debug|x86
		{36CA0C0D-84CA-430C-9FA1-1F6934EA7613}.Debug|iPhoneSimulator.ActiveCfg = Debug|x86
		{36CA0C0D-84CA-430C-9FA1-1F6934EA7613}.Debug|x64.ActiveCfg = Debug|x64
		{36CA0C0D-84CA-430C-9FA1-1F6934EA7613}.Debug|x64.Build.0 = Debug|x64
		{36CA0C0D-84CA-430C-9FA1-1F6934EA7613}.Debug|x64.Deploy.0 = Debug|x64
		{36CA0C0D-84CA-430C-9FA1-1F6934EA7613}.Debug|x86.ActiveCfg = Debug|x86
		{36CA0C0D-84CA-430C-9FA1-1F6934EA7613}.Debug|x86.Build.0 = Debug|x86
		{36CA0C0D-84CA-430C-9FA1-1F6934EA7613}.Debug|x86.Deploy.0 = Debug|x86
		{36CA0C0D-84CA-430C-9FA1-1F6934EA7613}.Release|Any CPU.ActiveCfg = Release|x86
		{36CA0C0D-84CA-430C-9FA1-1F6934EA7613}.Release|ARM.ActiveCfg = Release|ARM
		{36CA0C0D-84CA-430C-9FA1-1F6934EA7613}.Release|ARM.Build.0 = Release|ARM
		{36CA0C0D-84CA-430C-9FA1-1F6934EA7613}.Release|ARM.Deploy.0 = Release|ARM
		{36CA0C0D-84CA-430C-9FA1-1F6934EA7613}.Release|iPhone.ActiveCfg = Release|x86
		{36CA0C0D-84CA-430C-9FA1-1F6934EA7613}.Release|iPhoneSimulator.ActiveCfg = Release|x86
		{36CA0C0D-84CA-430C-9FA1-1F6934EA7613}.Release|x64.ActiveCfg = Release|x64
		{36CA0C0D-84CA-430C-9FA1-1F6934EA7613}.Release|x64.Build.0 = Release|x64
		{36CA0C0D-84CA-430C-9FA1-1F6934EA7613}.Release|x64.Deploy.0 = Release|x64
		{36CA0C0D-84CA-430C-9FA1-1F6934EA7613}.Release|x86.ActiveCfg = Release|x86
		{36CA0C0D-84CA-430C-9FA1-1F6934EA7613}.Release|x86.Build.0 = Release|x86
		{36CA0C0D-84CA-430C-9FA1-1F6934EA7613}.Release|x86.Deploy.0 = Release|x86
		{75914C21-8D1E-4B4D-9BAC-AA3D14D7BFEF}.Ad-Hoc|Any CPU.ActiveCfg = Debug|Any CPU
		{75914C21-8D1E-4B4D-9BAC-AA3D14D7BFEF}.Ad-Hoc|Any CPU.Build.0 = Debug|Any CPU
		{75914C21-8D1E-4B4D-9BAC-AA3D14D7BFEF}.Ad-Hoc|ARM.ActiveCfg = Debug|Any CPU
		{75914C21-8D1E-4B4D-9BAC-AA3D14D7BFEF}.Ad-Hoc|ARM.Build.0 = Debug|Any CPU
		{75914C21-8D1E-4B4D-9BAC-AA3D14D7BFEF}.Ad-Hoc|iPhone.ActiveCfg = Debug|Any CPU
		{75914C21-8D1E-4B4D-9BAC-AA3D14D7BFEF}.Ad-Hoc|iPhone.Build.0 = Debug|Any CPU
		{75914C21-8D1E-4B4D-9BAC-AA3D14D7BFEF}.Ad-Hoc|iPhoneSimulator.ActiveCfg = Debug|Any CPU
		{75914C21-8D1E-4B4D-9BAC-AA3D14D7BFEF}.Ad-Hoc|iPhoneSimulator.Build.0 = Debug|Any CPU
		{75914C21-8D1E-4B4D-9BAC-AA3D14D7BFEF}.Ad-Hoc|x64.ActiveCfg = Debug|Any CPU
		{75914C21-8D1E-4B4D-9BAC-AA3D14D7BFEF}.Ad-Hoc|x64.Build.0 = Debug|Any CPU
		{75914C21-8D1E-4B4D-9BAC-AA3D14D7BFEF}.Ad-Hoc|x86.ActiveCfg = Debug|Any CPU
		{75914C21-8D1E-4B4D-9BAC-AA3D14D7BFEF}.Ad-Hoc|x86.Build.0 = Debug|Any CPU
		{75914C21-8D1E-4B4D-9BAC-AA3D14D7BFEF}.AppStore|Any CPU.ActiveCfg = Debug|Any CPU
		{75914C21-8D1E-4B4D-9BAC-AA3D14D7BFEF}.AppStore|Any CPU.Build.0 = Debug|Any CPU
		{75914C21-8D1E-4B4D-9BAC-AA3D14D7BFEF}.AppStore|ARM.ActiveCfg = Debug|Any CPU
		{75914C21-8D1E-4B4D-9BAC-AA3D14D7BFEF}.AppStore|ARM.Build.0 = Debug|Any CPU
		{75914C21-8D1E-4B4D-9BAC-AA3D14D7BFEF}.AppStore|iPhone.ActiveCfg = Debug|Any CPU
		{75914C21-8D1E-4B4D-9BAC-AA3D14D7BFEF}.AppStore|iPhone.Build.0 = Debug|Any CPU
		{75914C21-8D1E-4B4D-9BAC-AA3D14D7BFEF}.AppStore|iPhoneSimulator.ActiveCfg = Debug|Any CPU
		{75914C21-8D1E-4B4D-9BAC-AA3D14D7BFEF}.AppStore|iPhoneSimulator.Build.0 = Debug|Any CPU
		{75914C21-8D1E-4B4D-9BAC-AA3D14D7BFEF}.AppStore|x64.ActiveCfg = Debug|Any CPU
		{75914C21-8D1E-4B4D-9BAC-AA3D14D7BFEF}.AppStore|x64.Build.0 = Debug|Any CPU
		{75914C21-8D1E-4B4D-9BAC-AA3D14D7BFEF}.AppStore|x86.ActiveCfg = Debug|Any CPU
		{75914C21-8D1E-4B4D-9BAC-AA3D14D7BFEF}.AppStore|x86.Build.0 = Debug|Any CPU
		{75914C21-8D1E-4B4D-9BAC-AA3D14D7BFEF}.Debug|Any CPU.ActiveCfg = Debug|Any CPU
		{75914C21-8D1E-4B4D-9BAC-AA3D14D7BFEF}.Debug|Any CPU.Build.0 = Debug|Any CPU
		{75914C21-8D1E-4B4D-9BAC-AA3D14D7BFEF}.Debug|ARM.ActiveCfg = Debug|Any CPU
		{75914C21-8D1E-4B4D-9BAC-AA3D14D7BFEF}.Debug|ARM.Build.0 = Debug|Any CPU
		{75914C21-8D1E-4B4D-9BAC-AA3D14D7BFEF}.Debug|iPhone.ActiveCfg = Debug|Any CPU
		{75914C21-8D1E-4B4D-9BAC-AA3D14D7BFEF}.Debug|iPhone.Build.0 = Debug|Any CPU
		{75914C21-8D1E-4B4D-9BAC-AA3D14D7BFEF}.Debug|iPhoneSimulator.ActiveCfg = Debug|Any CPU
		{75914C21-8D1E-4B4D-9BAC-AA3D14D7BFEF}.Debug|iPhoneSimulator.Build.0 = Debug|Any CPU
		{75914C21-8D1E-4B4D-9BAC-AA3D14D7BFEF}.Debug|x64.ActiveCfg = Debug|Any CPU
		{75914C21-8D1E-4B4D-9BAC-AA3D14D7BFEF}.Debug|x64.Build.0 = Debug|Any CPU
		{75914C21-8D1E-4B4D-9BAC-AA3D14D7BFEF}.Debug|x86.ActiveCfg = Debug|Any CPU
		{75914C21-8D1E-4B4D-9BAC-AA3D14D7BFEF}.Debug|x86.Build.0 = Debug|Any CPU
		{75914C21-8D1E-4B4D-9BAC-AA3D14D7BFEF}.Release|Any CPU.ActiveCfg = Release|Any CPU
		{75914C21-8D1E-4B4D-9BAC-AA3D14D7BFEF}.Release|Any CPU.Build.0 = Release|Any CPU
		{75914C21-8D1E-4B4D-9BAC-AA3D14D7BFEF}.Release|ARM.ActiveCfg = Release|Any CPU
		{75914C21-8D1E-4B4D-9BAC-AA3D14D7BFEF}.Release|ARM.Build.0 = Release|Any CPU
		{75914C21-8D1E-4B4D-9BAC-AA3D14D7BFEF}.Release|iPhone.ActiveCfg = Release|Any CPU
		{75914C21-8D1E-4B4D-9BAC-AA3D14D7BFEF}.Release|iPhone.Build.0 = Release|Any CPU
		{75914C21-8D1E-4B4D-9BAC-AA3D14D7BFEF}.Release|iPhoneSimulator.ActiveCfg = Release|Any CPU
		{75914C21-8D1E-4B4D-9BAC-AA3D14D7BFEF}.Release|iPhoneSimulator.Build.0 = Release|Any CPU
		{75914C21-8D1E-4B4D-9BAC-AA3D14D7BFEF}.Release|x64.ActiveCfg = Release|Any CPU
		{75914C21-8D1E-4B4D-9BAC-AA3D14D7BFEF}.Release|x64.Build.0 = Release|Any CPU
		{75914C21-8D1E-4B4D-9BAC-AA3D14D7BFEF}.Release|x86.ActiveCfg = Release|Any CPU
		{75914C21-8D1E-4B4D-9BAC-AA3D14D7BFEF}.Release|x86.Build.0 = Release|Any CPU
	EndGlobalSection
	GlobalSection(SolutionProperties) = preSolution
		HideSolutionNode = FALSE
	EndGlobalSection
	GlobalSection(ExtensibilityGlobals) = postSolution
		SolutionGuid = {C08C70AB-A5B9-4E70-8A51-AE429AD6CF85}
	EndGlobalSection
EndGlobal
